# THIS IS AN AUTOGENERATED FILE. DO NOT EDIT THIS FILE DIRECTLY.
# yarn lockfile v1


"@rive-app/canvas@1.0.93", "@rive-app/canvas@^1.0.93":
  version "1.0.93"
  resolved "https://registry.yarnpkg.com/@rive-app/canvas/-/canvas-1.0.93.tgz#a68ddddafb73bbdec312fe52ba0795c7027805b4"
  integrity sha512-okA3P9eW9/veilGlNOpGNX/nyFTptu2auD94Y/tS/kJyk0Yid3GmSrEgb5PkriclXyM3yEjcvwtiZzp2Nk691Q==

"@rive-app/react-canvas@^3.0.32":
  version "3.0.32"
  resolved "https://registry.yarnpkg.com/@rive-app/react-canvas/-/react-canvas-3.0.32.tgz#3eed2b383a6a1e5af9ccbbaaa66947b8f7c93ab8"
  integrity sha512-ve+LMiUaUoFViIEKrLrsMQ0J3k/ICua3PjWCQlBJ7W455SHxCRC2beRHT/cQmwZaG1LKfVpf+ztp4zKA6TAaNw==
  dependencies:
    "@rive-app/canvas" "1.0.93"

"@types/prop-types@*":
  version "15.7.5"
  resolved "https://registry.yarnpkg.com/@types/prop-types/-/prop-types-15.7.5.tgz#5f19d2b85a98e9558036f6a3cacc8819420f05cf"
  integrity sha512-JCB8C6SnDoQf0cNycqd/35A7MjcnK+ZTqE7judS6o7utxUCg6imJg3QK2qzHKszlTjcj2cn+NwMB2i96ubpj7w==

"@types/react-native@^0.70.6":
  version "0.70.6"
  resolved "https://registry.yarnpkg.com/@types/react-native/-/react-native-0.70.6.tgz#0d1bc3014111f64f13e0df643aec2ab03f021fdb"
  integrity sha512-ynQ2jj0km9d7dbnyKqVdQ6Nti7VQ8SLTA/KKkkS5+FnvGyvij2AOo1/xnkBR/jnSNXuzrvGVzw2n0VWfppmfKw==
  dependencies:
    "@types/react" "*"

"@types/react@*", "@types/react@^18.0.21":
  version "18.0.21"
  resolved "https://registry.yarnpkg.com/@types/react/-/react-18.0.21.tgz#b8209e9626bb00a34c76f55482697edd2b43cc67"
  integrity sha512-7QUCOxvFgnD5Jk8ZKlUAhVcRj7GuJRjnjjiY/IUBWKgOlnvDvTMLD4RTF7NPyVmbRhNrbomZiOepg7M/2Kj1mA==
  dependencies:
    "@types/prop-types" "*"
    "@types/scheduler" "*"
    csstype "^3.0.2"

"@types/scheduler@*":
  version "0.16.2"
  resolved "https://registry.yarnpkg.com/@types/scheduler/-/scheduler-0.16.2.tgz#1a62f89525723dde24ba1b01b092bf5df8ad4d39"
  integrity sha512-hppQEBDmlwhFAXKJX2KnWLYu5yMfi91yazPb2l+lbJiwW+wdo1gNeRA+3RgNSO39WYX2euey41KEwnqesU2Jew==

csstype@^3.0.2:
  version "3.1.1"
  resolved "https://registry.yarnpkg.com/csstype/-/csstype-3.1.1.tgz#841b532c45c758ee546a11d5bd7b7b473c8c30b9"
  integrity sha512-DJR/VvkAvSZW9bTouZue2sSxDwdTN92uHjqeKVm+0dAqdfNykRzQ95tay8aXMBAAPpUiq4Qcug2L7neoRh2Egw==

rive-react-native@^3.0.41:
  version "3.0.41"
  resolved "https://registry.yarnpkg.com/rive-react-native/-/rive-react-native-3.0.41.tgz#6822ccad21fc4585ba859fe20a301b18e93824e5"
  integrity sha512-N4BQuQwsPK98n8AITrMh/iG/AjCikKm6f1Wt+EMJa6hl987h68mM2z/4vul+CuigkMreiiIH6kUSOAMKMK98KA==

typescript@^4.8.4:
  version "4.8.4"
  resolved "https://registry.yarnpkg.com/typescript/-/typescript-4.8.4.tgz#c464abca159669597be5f96b8943500b238e60e6"
  integrity sha512-QCh+85mCy+h0IGff8r5XWzOVSbBO+KfeYrMQh7NJ58QujwcE22u+NUSmUxqF+un70P9GXKxa2HCNiTTMJknyjQ==
